[{"name":".bashrc","path":"/Users/mattia./.bashrc"},{"name":"rustup.fish","path":"/Users/mattia./.config/fish/conf.d/rustup.fish"},{"name":"config.fish","path":"/Users/mattia./.config/fish/config.fish"},{"name":"init.lua","path":"/Users/mattia./.config/nvim/init.lua"},{"name":"tmux.conf","path":"/Users/mattia./.config/tmux/tmux.conf"}]