[{"name":".bashrc","path":"test/.bashrc"},{"name":"battery_alert","path":"test/.config/battery_alert/battery_alert"},{"name":"battery_alert.service","path":"test/.config/battery_alert/battery_alert.service"},{"name":"battery_alert.timer","path":"test/.config/battery_alert/battery_alert.timer"},{"name":"dunstrc","path":"test/.config/dunst/dunstrc"},{"name":"eww.scss","path":"test/.config/eww/bar/eww.scss"},{"name":"eww.yuck","path":"test/.config/eww/bar/eww.yuck"},{"name":"launch_bar","path":"test/.config/eww/bar/launch_bar"},{"name":"battery","path":"test/.config/eww/bar/scripts/battery"},{"name":"calendar","path":"test/.config/eww/bar/scripts/calendar"},{"name":"popup","path":"test/.config/eww/bar/scripts/popup"},{"name":"wifi","path":"test/.config/eww/bar/scripts/wifi"},{"name":"workspace","path":"test/.config/eww/bar/scripts/workspace"},{"name":"eww.scss","path":"test/.config/eww/eww.scss"},{"name":"eww.yuck","path":"test/.config/eww/eww.yuck"},{"name":"profile.png","path":"test/.config/eww/images/profile.png"},{"name":"launch_bar","path":"test/.config/eww/launch_bar"},{"name":"calendar.cpython-312.pyc","path":"test/.config/eww/scripts/__pycache__/calendar.cpython-312.pyc"},{"name":"calendar.cpython-313.pyc","path":"test/.config/eww/scripts/__pycache__/calendar.cpython-313.pyc"},{"name":"battery","path":"test/.config/eww/scripts/battery"},{"name":"calendar.py","path":"test/.config/eww/scripts/calendar.py"},{"name":"music_info","path":"test/.config/eww/scripts/music_info"},{"name":"sys_info","path":"test/.config/eww/scripts/sys_info"},{"name":"system","path":"test/.config/eww/scripts/system"},{"name":"todo","path":"test/.config/eww/scripts/todo"},{"name":"rustup.fish","path":"test/.config/fish/conf.d/rustup.fish"},{"name":"config.fish","path":"test/.config/fish/config.fish"},{"name":"foot.ini","path":"test/.config/foot/foot.ini"},{"name":"hypridle.conf","path":"test/.config/hypr/hypridle.conf"},{"name":"hyprland.conf","path":"test/.config/hypr/hyprland.conf"},{"name":"hyprlock.conf","path":"test/.config/hypr/hyprlock.conf"},{"name":"config.ini","path":"test/.config/ly/config.ini"},{"name":"config.kdl","path":"test/.config/niri/config.kdl"},{"name":"init.lua","path":"test/.config/nvim/init.lua"},{"name":"tmux.conf","path":"test/.config/tmux/tmux.conf"},{"name":"config","path":"test/.config/waybar/config"},{"name":"style.css","path":"test/.config/waybar/style.css"},{"name":"config","path":"test/.config/wofi/config"},{"name":"powermenu.css","path":"test/.config/wofi/powermenu.css"},{"name":"powermenu.sh","path":"test/.config/wofi/powermenu.sh"},{"name":"powermenu_config","path":"test/.config/wofi/powermenu_config"},{"name":"style.css","path":"test/.config/wofi/style.css"},{"name":"keymap.json","path":"test/.config/zed/keymap.json"},{"name":"settings.json","path":"test/.config/zed/settings.json"},{"name":".uuid","path":"test/.fonts/.uuid"},{"name":"FiraCode-Bold.ttf","path":"test/.fonts/FiraCode-Bold.ttf"},{"name":"FiraCode-Light.ttf","path":"test/.fonts/FiraCode-Light.ttf"},{"name":"FiraCode-Medium.ttf","path":"test/.fonts/FiraCode-Medium.ttf"},{"name":"FiraCode-Regular.ttf","path":"test/.fonts/FiraCode-Regular.ttf"},{"name":"FiraCode-SemiBold.ttf","path":"test/.fonts/FiraCode-SemiBold.ttf"},{"name":"FiraCode-VariableFont_wght.ttf","path":"test/.fonts/FiraCode-VariableFont_wght.ttf"},{"name":"M+1CodeNerdFont-Bold.ttf","path":"test/.fonts/M+1CodeNerdFont-Bold.ttf"},{"name":"M+1CodeNerdFont-ExtraLight.ttf","path":"test/.fonts/M+1CodeNerdFont-ExtraLight.ttf"},{"name":"M+1CodeNerdFont-Light.ttf","path":"test/.fonts/M+1CodeNerdFont-Light.ttf"},{"name":"M+1CodeNerdFont-Medium.ttf","path":"test/.fonts/M+1CodeNerdFont-Medium.ttf"},{"name":"M+1CodeNerdFont-Regular.ttf","path":"test/.fonts/M+1CodeNerdFont-Regular.ttf"},{"name":"M+1CodeNerdFont-SemiBold.ttf","path":"test/.fonts/M+1CodeNerdFont-SemiBold.ttf"},{"name":"M+1CodeNerdFont-Thin.ttf","path":"test/.fonts/M+1CodeNerdFont-Thin.ttf"},{"name":"M+1CodeNerdFontMono-Bold.ttf","path":"test/.fonts/M+1CodeNerdFontMono-Bold.ttf"},{"name":"M+1CodeNerdFontMono-ExtraLight.ttf","path":"test/.fonts/M+1CodeNerdFontMono-ExtraLight.ttf"},{"name":"M+1CodeNerdFontMono-Light.ttf","path":"test/.fonts/M+1CodeNerdFontMono-Light.ttf"},{"name":"M+1CodeNerdFontMono-Medium.ttf","path":"test/.fonts/M+1CodeNerdFontMono-Medium.ttf"},{"name":"M+1CodeNerdFontMono-Regular.ttf","path":"test/.fonts/M+1CodeNerdFontMono-Regular.ttf"},{"name":"M+1CodeNerdFontMono-SemiBold.ttf","path":"test/.fonts/M+1CodeNerdFontMono-SemiBold.ttf"},{"name":"M+1CodeNerdFontMono-Thin.ttf","path":"test/.fonts/M+1CodeNerdFontMono-Thin.ttf"},{"name":"M+1CodeNerdFontPropo-Bold.ttf","path":"test/.fonts/M+1CodeNerdFontPropo-Bold.ttf"},{"name":"M+1CodeNerdFontPropo-ExtraLight.ttf","path":"test/.fonts/M+1CodeNerdFontPropo-ExtraLight.ttf"},{"name":"M+1CodeNerdFontPropo-Light.ttf","path":"test/.fonts/M+1CodeNerdFontPropo-Light.ttf"},{"name":"M+1CodeNerdFontPropo-Medium.ttf","path":"test/.fonts/M+1CodeNerdFontPropo-Medium.ttf"},{"name":"M+1CodeNerdFontPropo-Regular.ttf","path":"test/.fonts/M+1CodeNerdFontPropo-Regular.ttf"},{"name":"M+1CodeNerdFontPropo-SemiBold.ttf","path":"test/.fonts/M+1CodeNerdFontPropo-SemiBold.ttf"},{"name":"M+1CodeNerdFontPropo-Thin.ttf","path":"test/.fonts/M+1CodeNerdFontPropo-Thin.ttf"},{"name":"M+1NerdFont-Black.ttf","path":"test/.fonts/M+1NerdFont-Black.ttf"},{"name":"M+1NerdFont-Bold.ttf","path":"test/.fonts/M+1NerdFont-Bold.ttf"},{"name":"M+1NerdFont-ExtraBold.ttf","path":"test/.fonts/M+1NerdFont-ExtraBold.ttf"},{"name":"M+1NerdFont-ExtraLight.ttf","path":"test/.fonts/M+1NerdFont-ExtraLight.ttf"},{"name":"M+1NerdFont-Light.ttf","path":"test/.fonts/M+1NerdFont-Light.ttf"},{"name":"M+1NerdFont-Medium.ttf","path":"test/.fonts/M+1NerdFont-Medium.ttf"},{"name":"M+1NerdFont-Regular.ttf","path":"test/.fonts/M+1NerdFont-Regular.ttf"},{"name":"M+1NerdFont-SemiBold.ttf","path":"test/.fonts/M+1NerdFont-SemiBold.ttf"},{"name":"M+1NerdFont-Thin.ttf","path":"test/.fonts/M+1NerdFont-Thin.ttf"},{"name":"M+1NerdFontPropo-Black.ttf","path":"test/.fonts/M+1NerdFontPropo-Black.ttf"},{"name":"M+1NerdFontPropo-Bold.ttf","path":"test/.fonts/M+1NerdFontPropo-Bold.ttf"},{"name":"M+1NerdFontPropo-ExtraBold.ttf","path":"test/.fonts/M+1NerdFontPropo-ExtraBold.ttf"},{"name":"M+1NerdFontPropo-ExtraLight.ttf","path":"test/.fonts/M+1NerdFontPropo-ExtraLight.ttf"},{"name":"M+1NerdFontPropo-Light.ttf","path":"test/.fonts/M+1NerdFontPropo-Light.ttf"},{"name":"M+1NerdFontPropo-Medium.ttf","path":"test/.fonts/M+1NerdFontPropo-Medium.ttf"},{"name":"M+1NerdFontPropo-Regular.ttf","path":"test/.fonts/M+1NerdFontPropo-Regular.ttf"},{"name":"M+1NerdFontPropo-SemiBold.ttf","path":"test/.fonts/M+1NerdFontPropo-SemiBold.ttf"},{"name":"M+1NerdFontPropo-Thin.ttf","path":"test/.fonts/M+1NerdFontPropo-Thin.ttf"},{"name":"M+2NerdFont-Black.ttf","path":"test/.fonts/M+2NerdFont-Black.ttf"},{"name":"M+2NerdFont-Bold.ttf","path":"test/.fonts/M+2NerdFont-Bold.ttf"},{"name":"M+2NerdFont-ExtraBold.ttf","path":"test/.fonts/M+2NerdFont-ExtraBold.ttf"},{"name":"M+2NerdFont-ExtraLight.ttf","path":"test/.fonts/M+2NerdFont-ExtraLight.ttf"},{"name":"M+2NerdFont-Light.ttf","path":"test/.fonts/M+2NerdFont-Light.ttf"},{"name":"M+2NerdFont-Medium.ttf","path":"test/.fonts/M+2NerdFont-Medium.ttf"},{"name":"M+2NerdFont-Regular.ttf","path":"test/.fonts/M+2NerdFont-Regular.ttf"},{"name":"M+2NerdFont-SemiBold.ttf","path":"test/.fonts/M+2NerdFont-SemiBold.ttf"},{"name":"M+2NerdFont-Thin.ttf","path":"test/.fonts/M+2NerdFont-Thin.ttf"},{"name":"M+2NerdFontPropo-Black.ttf","path":"test/.fonts/M+2NerdFontPropo-Black.ttf"},{"name":"M+2NerdFontPropo-Bold.ttf","path":"test/.fonts/M+2NerdFontPropo-Bold.ttf"},{"name":"M+2NerdFontPropo-ExtraBold.ttf","path":"test/.fonts/M+2NerdFontPropo-ExtraBold.ttf"},{"name":"M+2NerdFontPropo-ExtraLight.ttf","path":"test/.fonts/M+2NerdFontPropo-ExtraLight.ttf"},{"name":"M+2NerdFontPropo-Light.ttf","path":"test/.fonts/M+2NerdFontPropo-Light.ttf"},{"name":"M+2NerdFontPropo-Medium.ttf","path":"test/.fonts/M+2NerdFontPropo-Medium.ttf"},{"name":"M+2NerdFontPropo-Regular.ttf","path":"test/.fonts/M+2NerdFontPropo-Regular.ttf"},{"name":"M+2NerdFontPropo-SemiBold.ttf","path":"test/.fonts/M+2NerdFontPropo-SemiBold.ttf"},{"name":"M+2NerdFontPropo-Thin.ttf","path":"test/.fonts/M+2NerdFontPropo-Thin.ttf"},{"name":"M+CodeLat50NerdFont-Bold.ttf","path":"test/.fonts/M+CodeLat50NerdFont-Bold.ttf"},{"name":"M+CodeLat50NerdFont-ExtraLight.ttf","path":"test/.fonts/M+CodeLat50NerdFont-ExtraLight.ttf"},{"name":"M+CodeLat50NerdFont-Light.ttf","path":"test/.fonts/M+CodeLat50NerdFont-Light.ttf"},{"name":"M+CodeLat50NerdFont-Medium.ttf","path":"test/.fonts/M+CodeLat50NerdFont-Medium.ttf"},{"name":"M+CodeLat50NerdFont-Regular.ttf","path":"test/.fonts/M+CodeLat50NerdFont-Regular.ttf"},{"name":"M+CodeLat50NerdFont-SemiBold.ttf","path":"test/.fonts/M+CodeLat50NerdFont-SemiBold.ttf"},{"name":"M+CodeLat50NerdFont-Thin.ttf","path":"test/.fonts/M+CodeLat50NerdFont-Thin.ttf"},{"name":"M+CodeLat50NerdFontMono-Bold.ttf","path":"test/.fonts/M+CodeLat50NerdFontMono-Bold.ttf"},{"name":"M+CodeLat50NerdFontMono-ExtraLight.ttf","path":"test/.fonts/M+CodeLat50NerdFontMono-ExtraLight.ttf"},{"name":"M+CodeLat50NerdFontMono-Light.ttf","path":"test/.fonts/M+CodeLat50NerdFontMono-Light.ttf"},{"name":"M+CodeLat50NerdFontMono-Medium.ttf","path":"test/.fonts/M+CodeLat50NerdFontMono-Medium.ttf"},{"name":"M+CodeLat50NerdFontMono-Regular.ttf","path":"test/.fonts/M+CodeLat50NerdFontMono-Regular.ttf"},{"name":"M+CodeLat50NerdFontMono-SemiBold.ttf","path":"test/.fonts/M+CodeLat50NerdFontMono-SemiBold.ttf"},{"name":"M+CodeLat50NerdFontMono-Thin.ttf","path":"test/.fonts/M+CodeLat50NerdFontMono-Thin.ttf"},{"name":"M+CodeLat50NerdFontPropo-Bold.ttf","path":"test/.fonts/M+CodeLat50NerdFontPropo-Bold.ttf"},{"name":"M+CodeLat50NerdFontPropo-ExtraLight.ttf","path":"test/.fonts/M+CodeLat50NerdFontPropo-ExtraLight.ttf"},{"name":"M+CodeLat50NerdFontPropo-Light.ttf","path":"test/.fonts/M+CodeLat50NerdFontPropo-Light.ttf"},{"name":"M+CodeLat50NerdFontPropo-Medium.ttf","path":"test/.fonts/M+CodeLat50NerdFontPropo-Medium.ttf"},{"name":"M+CodeLat50NerdFontPropo-Regular.ttf","path":"test/.fonts/M+CodeLat50NerdFontPropo-Regular.ttf"},{"name":"M+CodeLat50NerdFontPropo-SemiBold.ttf","path":"test/.fonts/M+CodeLat50NerdFontPropo-SemiBold.ttf"},{"name":"M+CodeLat50NerdFontPropo-Thin.ttf","path":"test/.fonts/M+CodeLat50NerdFontPropo-Thin.ttf"},{"name":"M+CodeLat60NerdFont-Bold.ttf","path":"test/.fonts/M+CodeLat60NerdFont-Bold.ttf"},{"name":"M+CodeLat60NerdFont-ExtraLight.ttf","path":"test/.fonts/M+CodeLat60NerdFont-ExtraLight.ttf"},{"name":"M+CodeLat60NerdFont-Light.ttf","path":"test/.fonts/M+CodeLat60NerdFont-Light.ttf"},{"name":"M+CodeLat60NerdFont-Medium.ttf","path":"test/.fonts/M+CodeLat60NerdFont-Medium.ttf"},{"name":"M+CodeLat60NerdFont-Regular.ttf","path":"test/.fonts/M+CodeLat60NerdFont-Regular.ttf"},{"name":"M+CodeLat60NerdFont-SemiBold.ttf","path":"test/.fonts/M+CodeLat60NerdFont-SemiBold.ttf"},{"name":"M+CodeLat60NerdFont-Thin.ttf","path":"test/.fonts/M+CodeLat60NerdFont-Thin.ttf"},{"name":"M+CodeLat60NerdFontMono-Bold.ttf","path":"test/.fonts/M+CodeLat60NerdFontMono-Bold.ttf"},{"name":"M+CodeLat60NerdFontMono-ExtraLight.ttf","path":"test/.fonts/M+CodeLat60NerdFontMono-ExtraLight.ttf"},{"name":"M+CodeLat60NerdFontMono-Light.ttf","path":"test/.fonts/M+CodeLat60NerdFontMono-Light.ttf"},{"name":"M+CodeLat60NerdFontMono-Medium.ttf","path":"test/.fonts/M+CodeLat60NerdFontMono-Medium.ttf"},{"name":"M+CodeLat60NerdFontMono-Regular.ttf","path":"test/.fonts/M+CodeLat60NerdFontMono-Regular.ttf"},{"name":"M+CodeLat60NerdFontMono-SemiBold.ttf","path":"test/.fonts/M+CodeLat60NerdFontMono-SemiBold.ttf"},{"name":"M+CodeLat60NerdFontMono-Thin.ttf","path":"test/.fonts/M+CodeLat60NerdFontMono-Thin.ttf"},{"name":"M+CodeLat60NerdFontPropo-Bold.ttf","path":"test/.fonts/M+CodeLat60NerdFontPropo-Bold.ttf"},{"name":"M+CodeLat60NerdFontPropo-ExtraLight.ttf","path":"test/.fonts/M+CodeLat60NerdFontPropo-ExtraLight.ttf"},{"name":"M+CodeLat60NerdFontPropo-Light.ttf","path":"test/.fonts/M+CodeLat60NerdFontPropo-Light.ttf"},{"name":"M+CodeLat60NerdFontPropo-Medium.ttf","path":"test/.fonts/M+CodeLat60NerdFontPropo-Medium.ttf"},{"name":"M+CodeLat60NerdFontPropo-Regular.ttf","path":"test/.fonts/M+CodeLat60NerdFontPropo-Regular.ttf"},{"name":"M+CodeLat60NerdFontPropo-SemiBold.ttf","path":"test/.fonts/M+CodeLat60NerdFontPropo-SemiBold.ttf"},{"name":"M+CodeLat60NerdFontPropo-Thin.ttf","path":"test/.fonts/M+CodeLat60NerdFontPropo-Thin.ttf"},{"name":"OFL.txt","path":"test/.fonts/OFL.txt"},{"name":"Prompt.png","path":"test/.fonts/Prompt.png"},{"name":"README.md","path":"test/.fonts/README.md"},{"name":"SFMono Bold Italic Nerd Font Complete.otf","path":"test/.fonts/SFMono Bold Italic Nerd Font Complete.otf"},{"name":"SFMono Bold Nerd Font Complete.otf","path":"test/.fonts/SFMono Bold Nerd Font Complete.otf"},{"name":"SFMono Heavy Italic Nerd Font Complete.otf","path":"test/.fonts/SFMono Heavy Italic Nerd Font Complete.otf"},{"name":"SFMono Heavy Nerd Font Complete.otf","path":"test/.fonts/SFMono Heavy Nerd Font Complete.otf"},{"name":"SFMono Light Italic Nerd Font Complete.otf","path":"test/.fonts/SFMono Light Italic Nerd Font Complete.otf"},{"name":"SFMono Light Nerd Font Complete.otf","path":"test/.fonts/SFMono Light Nerd Font Complete.otf"},{"name":"SFMono Medium Italic Nerd Font Complete.otf","path":"test/.fonts/SFMono Medium Italic Nerd Font Complete.otf"},{"name":"SFMono Medium Nerd Font Complete.otf","path":"test/.fonts/SFMono Medium Nerd Font Complete.otf"},{"name":"SFMono Regular Italic Nerd Font Complete.otf","path":"test/.fonts/SFMono Regular Italic Nerd Font Complete.otf"},{"name":"SFMono Regular Nerd Font Complete.otf","path":"test/.fonts/SFMono Regular Nerd Font Complete.otf"},{"name":"SFMono Semibold Italic Nerd Font Complete.otf","path":"test/.fonts/SFMono Semibold Italic Nerd Font Complete.otf"},{"name":"SFMono Semibold Nerd Font Complete.otf","path":"test/.fonts/SFMono Semibold Nerd Font Complete.otf"},{"name":"Space Mono Bold Italic Nerd Font Complete Mono Windows Compatible.ttf","path":"test/.fonts/Space Mono Bold Italic Nerd Font Complete Mono Windows Compatible.ttf"},{"name":"Space Mono Bold Italic Nerd Font Complete Mono.ttf","path":"test/.fonts/Space Mono Bold Italic Nerd Font Complete Mono.ttf"},{"name":"Space Mono Bold Italic Nerd Font Complete Windows Compatible.ttf","path":"test/.fonts/Space Mono Bold Italic Nerd Font Complete Windows Compatible.ttf"},{"name":"Space Mono Bold Italic Nerd Font Complete.ttf","path":"test/.fonts/Space Mono Bold Italic Nerd Font Complete.ttf"},{"name":"Space Mono Bold Nerd Font Complete Mono Windows Compatible.ttf","path":"test/.fonts/Space Mono Bold Nerd Font Complete Mono Windows Compatible.ttf"},{"name":"Space Mono Bold Nerd Font Complete Mono.ttf","path":"test/.fonts/Space Mono Bold Nerd Font Complete Mono.ttf"},{"name":"Space Mono Bold Nerd Font Complete Windows Compatible.ttf","path":"test/.fonts/Space Mono Bold Nerd Font Complete Windows Compatible.ttf"},{"name":"Space Mono Bold Nerd Font Complete.ttf","path":"test/.fonts/Space Mono Bold Nerd Font Complete.ttf"},{"name":"Space Mono Italic Nerd Font Complete Mono Windows Compatible.ttf","path":"test/.fonts/Space Mono Italic Nerd Font Complete Mono Windows Compatible.ttf"},{"name":"Space Mono Italic Nerd Font Complete Mono.ttf","path":"test/.fonts/Space Mono Italic Nerd Font Complete Mono.ttf"},{"name":"Space Mono Italic Nerd Font Complete Windows Compatible.ttf","path":"test/.fonts/Space Mono Italic Nerd Font Complete Windows Compatible.ttf"},{"name":"Space Mono Italic Nerd Font Complete.ttf","path":"test/.fonts/Space Mono Italic Nerd Font Complete.ttf"},{"name":"Space Mono Nerd Font Complete Mono Windows Compatible.ttf","path":"test/.fonts/Space Mono Nerd Font Complete Mono Windows Compatible.ttf"},{"name":"Space Mono Nerd Font Complete Mono.ttf","path":"test/.fonts/Space Mono Nerd Font Complete Mono.ttf"},{"name":"Space Mono Nerd Font Complete Windows Compatible.ttf","path":"test/.fonts/Space Mono Nerd Font Complete Windows Compatible.ttf"},{"name":"Space Mono Nerd Font Complete.ttf","path":"test/.fonts/Space Mono Nerd Font Complete.ttf"},{"name":"SpaceMono.zip","path":"test/.fonts/SpaceMono.zip"},{"name":"Symbols-1000-em Nerd Font Complete.ttf","path":"test/.fonts/Symbols-1000-em Nerd Font Complete.ttf"},{"name":"TamzenForPowerline5x9b.fon","path":"test/.fonts/TamzenForPowerline5x9b.fon"}]